
Microsoft Visual Studio Solution File, Format Version 12.00
# Visual Studio Version 17
VisualStudioVersion = 17.1.32210.238
MinimumVisualStudioVersion = 10.0.40219.1
Project("{FAE04EC0-301F-11D3-BF4B-00C04F79EFBC}") = "crud-treinamento", "crud-treinamento\crud-treinamento.csproj", "{2F838086-61E8-4E6B-A34E-F023A01390A6}"
EndProject
Project("{FAE04EC0-301F-11D3-BF4B-00C04F79EFBC}") = "crud-treinamento-teste", "crud-treinamento-teste\crud-treinamento-teste.csproj", "{BCC10023-62B4-4217-949B-9E2C9F328A3C}"
EndProject
Global
	GlobalSection(SolutionConfigurationPlatforms) = preSolution
		Debug|Any CPU = Debug|Any CPU
		Release|Any CPU = Release|Any CPU
	EndGlobalSection
	GlobalSection(ProjectConfigurationPlatforms) = postSolution
		{2F838086-61E8-4E6B-A34E-F023A01390A6}.Debug|Any CPU.ActiveCfg = Debug|Any CPU
		{2F838086-61E8-4E6B-A34E-F023A01390A6}.Debug|Any CPU.Build.0 = Debug|Any CPU
		{2F838086-61E8-4E6B-A34E-F023A01390A6}.Release|Any CPU.ActiveCfg = Release|Any CPU
		{2F838086-61E8-4E6B-A34E-F023A01390A6}.Release|Any CPU.Build.0 = Release|Any CPU
		{BCC10023-62B4-4217-949B-9E2C9F328A3C}.Debug|Any CPU.ActiveCfg = Debug|Any CPU
		{BCC10023-62B4-4217-949B-9E2C9F328A3C}.Debug|Any CPU.Build.0 = Debug|Any CPU
		{BCC10023-62B4-4217-949B-9E2C9F328A3C}.Release|Any CPU.ActiveCfg = Release|Any CPU
		{BCC10023-62B4-4217-949B-9E2C9F328A3C}.Release|Any CPU.Build.0 = Release|Any CPU
	EndGlobalSection
	GlobalSection(SolutionProperties) = preSolution
		HideSolutionNode = FALSE
	EndGlobalSection
	GlobalSection(ExtensibilityGlobals) = postSolution
		SolutionGuid = {8C9B59F1-F29D-4DCF-A3B1-1BDFC3CA25F3}
	EndGlobalSection
EndGlobal
